
Microsoft Visual Studio Solution File, Format Version 12.00
# Visual Studio Version 17
VisualStudioVersion = 17.1.32421.90
MinimumVisualStudioVersion = 10.0.40219.1
Project("{FAE04EC0-301F-11D3-BF4B-00C04F79EFBC}") = "Calculator", "Calculator\Calculator.csproj", "{83823907-4B2F-4EA6-863B-20BB1C935685}"
EndProject
Project("{FAE04EC0-301F-11D3-BF4B-00C04F79EFBC}") = "Calculator.BL", "Calculator.BL\Calculator.BL.csproj", "{54549158-97DC-4FD1-8626-B2B2B12BACD7}"
EndProject
Project("{FAE04EC0-301F-11D3-BF4B-00C04F79EFBC}") = "Calculator.MsTest", "Calculator.MsTest\Calculator.MsTest.csproj", "{E195830A-E317-4D16-A35C-0B7FF46D2A55}"
EndProject
Project("{FAE04EC0-301F-11D3-BF4B-00C04F79EFBC}") = "Calculator.NUnitTest", "Calculator.NUnitTest\Calculator.NUnitTest.csproj", "{6A3E5F57-699B-4378-8C99-91AABD83ADFE}"
EndProject
Global
	GlobalSection(SolutionConfigurationPlatforms) = preSolution
		Debug|Any CPU = Debug|Any CPU
		Release|Any CPU = Release|Any CPU
	EndGlobalSection
	GlobalSection(ProjectConfigurationPlatforms) = postSolution
		{83823907-4B2F-4EA6-863B-20BB1C935685}.Debug|Any CPU.ActiveCfg = Debug|Any CPU
		{83823907-4B2F-4EA6-863B-20BB1C935685}.Debug|Any CPU.Build.0 = Debug|Any CPU
		{83823907-4B2F-4EA6-863B-20BB1C935685}.Release|Any CPU.ActiveCfg = Release|Any CPU
		{83823907-4B2F-4EA6-863B-20BB1C935685}.Release|Any CPU.Build.0 = Release|Any CPU
		{54549158-97DC-4FD1-8626-B2B2B12BACD7}.Debug|Any CPU.ActiveCfg = Debug|Any CPU
		{54549158-97DC-4FD1-8626-B2B2B12BACD7}.Debug|Any CPU.Build.0 = Debug|Any CPU
		{54549158-97DC-4FD1-8626-B2B2B12BACD7}.Release|Any CPU.ActiveCfg = Release|Any CPU
		{54549158-97DC-4FD1-8626-B2B2B12BACD7}.Release|Any CPU.Build.0 = Release|Any CPU
		{E195830A-E317-4D16-A35C-0B7FF46D2A55}.Debug|Any CPU.ActiveCfg = Debug|Any CPU
		{E195830A-E317-4D16-A35C-0B7FF46D2A55}.Debug|Any CPU.Build.0 = Debug|Any CPU
		{E195830A-E317-4D16-A35C-0B7FF46D2A55}.Release|Any CPU.ActiveCfg = Release|Any CPU
		{E195830A-E317-4D16-A35C-0B7FF46D2A55}.Release|Any CPU.Build.0 = Release|Any CPU
		{6A3E5F57-699B-4378-8C99-91AABD83ADFE}.Debug|Any CPU.ActiveCfg = Debug|Any CPU
		{6A3E5F57-699B-4378-8C99-91AABD83ADFE}.Debug|Any CPU.Build.0 = Debug|Any CPU
		{6A3E5F57-699B-4378-8C99-91AABD83ADFE}.Release|Any CPU.ActiveCfg = Release|Any CPU
		{6A3E5F57-699B-4378-8C99-91AABD83ADFE}.Release|Any CPU.Build.0 = Release|Any CPU
	EndGlobalSection
	GlobalSection(SolutionProperties) = preSolution
		HideSolutionNode = FALSE
	EndGlobalSection
	GlobalSection(ExtensibilityGlobals) = postSolution
		SolutionGuid = {6DE5E9D1-418A-4EB4-8643-39B2B5167BFB}
	EndGlobalSection
EndGlobal
